PODS:
  - AppCheckCore (11.3.0):
    - GoogleUtilities/Environment (~> 8.0)
    - GoogleUtilities/UserDefaults (~> 8.0)
    - PromisesObjC (~> 2.4)
    - PromisesSwift (~> 2.4)
    - RecaptchaInterop (~> 101.0)
  - file_selector_macos (0.0.1):
    - FlutterMacOS
  - Firebase/AppCheck (12.15.0):
    - Firebase/CoreOnly
    - FirebaseAppCheck (~> 12.15.0)
  - Firebase/Auth (12.15.0):
    - Firebase/CoreOnly
    - FirebaseAuth (~> 12.15.0)
  - Firebase/CoreOnly (12.15.0):
    - FirebaseCore (~> 12.15.0)
  - firebase_ai (3.14.1):
    - FlutterMacOS
  - firebase_app_check (0.4.5-2):
    - Firebase/AppCheck (~> 12.15.0)
    - Firebase/CoreOnly (~> 12.15.0)
    - firebase_core
    - FlutterMacOS
  - firebase_auth (6.5.6):
    - Firebase/Auth (~> 12.15.0)
    - Firebase/CoreOnly (~> 12.15.0)
    - firebase_core
    - FlutterMacOS
  - firebase_core (4.12.1):
    - Firebase/CoreOnly (~> 12.15.0)
    - FlutterMacOS
  - FirebaseAppCheck (12.15.0):
    - AppCheckCore (~> 11.3)
    - FirebaseAppCheckInterop (~> 12.15.0)
    - FirebaseCore (~> 12.15.0)
    - GoogleUtilities/Environment (~> 8.1)
    - GoogleUtilities/UserDefaults (~> 8.1)
  - FirebaseAppCheckInterop (12.15.0)
  - FirebaseAuth (12.15.0):
    - FirebaseAppCheckInterop (~> 12.15.0)
    - FirebaseAuthInterop (~> 12.15.0)
    - FirebaseCore (~> 12.15.0)
    - FirebaseCoreExtension (~> 12.15.0)
    - GoogleUtilities/AppDelegateSwizzler (~> 8.1)
    - GoogleUtilities/Environment (~> 8.1)
    - GTMSessionFetcher/Core (< 6.0, >= 3.4)
    - RecaptchaInterop (~> 101.0)
  - FirebaseAuthInterop (12.15.0)
  - FirebaseCore (12.15.0):
    - FirebaseCoreInternal (~> 12.15.0)
    - GoogleUtilities/Environment (~> 8.1)
    - GoogleUtilities/Logger (~> 8.1)
  - FirebaseCoreExtension (12.15.0):
    - FirebaseCore (~> 12.15.0)
  - FirebaseCoreInternal (12.15.0):
    - "GoogleUtilities/NSData+zlib (~> 8.1)"
  - FlutterMacOS (1.0.0)
  - GoogleUtilities/AppDelegateSwizzler (8.1.1):
    - GoogleUtilities/Environment
    - GoogleUtilities/Logger
    - GoogleUtilities/Network
    - GoogleUtilities/Privacy
  - GoogleUtilities/Environment (8.1.1):
    - GoogleUtilities/Privacy
  - GoogleUtilities/Logger (8.1.1):
    - GoogleUtilities/Environment
    - GoogleUtilities/Privacy
  - GoogleUtilities/Network (8.1.1):
    - GoogleUtilities/Logger
    - "GoogleUtilities/NSData+zlib"
    - GoogleUtilities/Privacy
    - GoogleUtilities/Reachability
  - "GoogleUtilities/NSData+zlib (8.1.1)":
    - GoogleUtilities/Privacy
  - GoogleUtilities/Privacy (8.1.1)
  - GoogleUtilities/Reachability (8.1.1):
    - GoogleUtilities/Logger
    - GoogleUtilities/Privacy
  - GoogleUtilities/UserDefaults (8.1.1):
    - GoogleUtilities/Logger
    - GoogleUtilities/Privacy
  - GTMSessionFetcher/Core (5.3.0)
  - llama_cpp_flutter (0.1.0):
    - Flutter
    - FlutterMacOS
  - PromisesObjC (2.4.1)
  - PromisesSwift (2.4.1):
    - PromisesObjC (= 2.4.1)
  - record_macos (2.0.0):
    - FlutterMacOS
  - url_launcher_macos (0.0.1):
    - FlutterMacOS

DEPENDENCIES:
  - file_selector_macos (from `Flutter/ephemeral/.symlinks/plugins/file_selector_macos/macos`)
  - firebase_ai (from `Flutter/ephemeral/.symlinks/plugins/firebase_ai/macos`)
  - firebase_app_check (from `Flutter/ephemeral/.symlinks/plugins/firebase_app_check/macos`)
  - firebase_auth (from `Flutter/ephemeral/.symlinks/plugins/firebase_auth/macos`)
  - firebase_core (from `Flutter/ephemeral/.symlinks/plugins/firebase_core/macos`)
  - FlutterMacOS (from `Flutter/ephemeral`)
  - llama_cpp_flutter (from `Flutter/ephemeral/.symlinks/plugins/llama_cpp_flutter/darwin`)
  - record_macos (from `Flutter/ephemeral/.symlinks/plugins/record_macos/macos`)
  - url_launcher_macos (from `Flutter/ephemeral/.symlinks/plugins/url_launcher_macos/macos`)

SPEC REPOS:
  trunk:
    - AppCheckCore
    - Firebase
    - FirebaseAppCheck
    - FirebaseAppCheckInterop
    - FirebaseAuth
    - FirebaseAuthInterop
    - FirebaseCore
    - FirebaseCoreExtension
    - FirebaseCoreInternal
    - GoogleUtilities
    - GTMSessionFetcher
    - PromisesObjC
    - PromisesSwift

EXTERNAL SOURCES:
  file_selector_macos:
    :path: Flutter/ephemeral/.symlinks/plugins/file_selector_macos/macos
  firebase_ai:
    :path: Flutter/ephemeral/.symlinks/plugins/firebase_ai/macos
  firebase_app_check:
    :path: Flutter/ephemeral/.symlinks/plugins/firebase_app_check/macos
  firebase_auth:
    :path: Flutter/ephemeral/.symlinks/plugins/firebase_auth/macos
  firebase_core:
    :path: Flutter/ephemeral/.symlinks/plugins/firebase_core/macos
  FlutterMacOS:
    :path: Flutter/ephemeral
  llama_cpp_flutter:
    :path: Flutter/ephemeral/.symlinks/plugins/llama_cpp_flutter/darwin
  record_macos:
    :path: Flutter/ephemeral/.symlinks/plugins/record_macos/macos
  url_launcher_macos:
    :path: Flutter/ephemeral/.symlinks/plugins/url_launcher_macos/macos

SPEC CHECKSUMS:
  AppCheckCore: 214137f5c378d1dec88a68425c467fe65aaff637
  file_selector_macos: 9e9e068e90ebee155097d00e89ae91edb2374db7
  Firebase: a8539b633d474fbeb654c7043f9c1649e274045b
  firebase_ai: 0caa21f78a70187dd648f2883244d3afb8250fd2
  firebase_app_check: 203bb9aa5c9acdd9d642709c1ec68d44fe78e0f9
  firebase_auth: f0277c8164b6d15ea44388f90dbbb438e9b91eed
  firebase_core: 1c188a8384be0315478a22c1a3165871d75a95ba
  FirebaseAppCheck: 29d81a8b4a1bf0273c04a1ffe1532aceabc9e7a8
  FirebaseAppCheckInterop: 5083c9acf65f206832fe659e1c676b7bc3d55e8a
  FirebaseAuth: 6d1d4e5875d93f82e669bee6b05a70a642025b58
  FirebaseAuthInterop: 0778f5f24d6cccd6d67ef45832fe9c67a0b944ea
  FirebaseCore: 2e86a4ea1684d4381707069e4a6d89ac808e901e
  FirebaseCoreExtension: 10d2a627977b39418759ad88ada80fbbd34f1c4f
  FirebaseCoreInternal: 6ab6a02c94446c026d2cf35cf5383842ebaa4992
  FlutterMacOS: d0db08ddef1a9af05a5ec4b724367152bb0500b1
  GoogleUtilities: 4f2618a4a1e762a1ee134a1e2323bba9843e06da
  GTMSessionFetcher: 127211aeec0b1e904fc49f4f6f895dcc535b0ecf
  llama_cpp_flutter: 09d2c55746773ba59201d25b88b2f6017582fcf7
  PromisesObjC: 752c3227f599e3467650e47ea36f433eeb10c273
  PromisesSwift: 217dea0fd5d2ad65222a109c48698add13cc1c5b
  record_macos: 2e43c16b84ce188b8137754ee648322a2dcdf7fa
  url_launcher_macos: f87a979182d112f911de6820aefddaf56ee9fbfd

PODFILE CHECKSUM: c4dda72bffbbf606876d102a78d4d3a0e4c9b017

COCOAPODS: 1.16.2
